Microsoft Visual Studio Solution File, Format Version 12.00
# Visual Studio Version 17
VisualStudioVersion = 17.5.2.0
MinimumVisualStudioVersion = 10.0.40219.1
Project("{FAE04EC0-301F-11D3-BF4B-00C04F79EFBC}") = "VirtualPetSimulator", "VirtualPetSimulator.csproj", "{48DA2A89-5464-B990-EF10-EF250FECAF71}"
EndProject
Global
	GlobalSection(SolutionConfigurationPlatforms) = preSolution
		Debug|Any CPU = Debug|Any CPU
		Release|Any CPU = Release|Any CPU
	EndGlobalSection
	GlobalSection(ProjectConfigurationPlatforms) = postSolution
		{48DA2A89-5464-B990-EF10-EF250FECAF71}.Debug|Any CPU.ActiveCfg = Debug|Any CPU
		{48DA2A89-5464-B990-EF10-EF250FECAF71}.Debug|Any CPU.Build.0 = Debug|Any CPU
		{48DA2A89-5464-B990-EF10-EF250FECAF71}.Release|Any CPU.ActiveCfg = Release|Any CPU
		{48DA2A89-5464-B990-EF10-EF250FECAF71}.Release|Any CPU.Build.0 = Release|Any CPU
	EndGlobalSection
	GlobalSection(SolutionProperties) = preSolution
		HideSolutionNode = FALSE
	EndGlobalSection
	GlobalSection(ExtensibilityGlobals) = postSolution
		SolutionGuid = {94488D5F-9E14-4BEF-9F44-B41C8E249D9D}
	EndGlobalSection
EndGlobal
